
Microsoft Visual Studio Solution File, Format Version 12.00
# Visual Studio Version 17
VisualStudioVersion = 17.12.35707.178
MinimumVisualStudioVersion = 10.0.40219.1
Project("{FAE04EC0-301F-11D3-BF4B-00C04F79EFBC}") = "HouseRentals.Api", "HouseRentals.Api\HouseRentals.Api.csproj", "{F96AA05B-F9E9-4D16-8364-3FB4B5CC02E8}"
EndProject
Project("{FAE04EC0-301F-11D3-BF4B-00C04F79EFBC}") = "HouseRentals.Infrastructure.Persistence", "HouseRentals.Infrastructure.Persistence\HouseRentals.Infrastructure.Persistence.csproj", "{809DCB43-9F68-426E-ABF0-92C89204782B}"
EndProject
Project("{FAE04EC0-301F-11D3-BF4B-00C04F79EFBC}") = "HouseRentals.Infrastructure.IoC", "HouseRentals.Infrastructure.IoC\HouseRentals.Infrastructure.IoC.csproj", "{6983F878-59CF-42E2-828F-BCDBC5EAE6E3}"
EndProject
Project("{FAE04EC0-301F-11D3-BF4B-00C04F79EFBC}") = "HouseRentals.Core.Domain", "HouseRentals.Core.Domain\HouseRentals.Core.Domain.csproj", "{65D306E4-8074-4E49-9B07-88331FECAC17}"
EndProject
Project("{FAE04EC0-301F-11D3-BF4B-00C04F79EFBC}") = "HouseRentals.Core.Application", "HouseRentals.Core.Application\HouseRentals.Core.Application.csproj", "{8A9C6066-6917-452F-A36F-74335E69E01A}"
EndProject
Project("{2150E333-8FDC-42A3-9474-1A3956D46DE8}") = "1 - Core", "1 - Core", "{2EF08330-24C2-46E4-80C1-040866F48118}"
EndProject
Project("{2150E333-8FDC-42A3-9474-1A3956D46DE8}") = "2 - Infrastructure", "2 - Infrastructure", "{7103E38C-B00B-4A99-81CA-A71FD385171B}"
EndProject
Project("{2150E333-8FDC-42A3-9474-1A3956D46DE8}") = "3 - Presentation", "3 - Presentation", "{277086C4-0CF0-485B-8495-8B3D89EEE534}"
EndProject
Project("{2150E333-8FDC-42A3-9474-1A3956D46DE8}") = "0 - Tests", "0 - Tests", "{61C608E3-D05F-4F5D-9368-B3B97004567B}"
EndProject
Project("{FAE04EC0-301F-11D3-BF4B-00C04F79EFBC}") = "HouseRentals.UnitTests", "HouseRentals.UnitTests\HouseRentals.UnitTests.csproj", "{8743843B-0708-4B10-BC48-B8DB1D27493C}"
EndProject
Global
	GlobalSection(SolutionConfigurationPlatforms) = preSolution
		Debug|Any CPU = Debug|Any CPU
		Release|Any CPU = Release|Any CPU
	EndGlobalSection
	GlobalSection(ProjectConfigurationPlatforms) = postSolution
		{F96AA05B-F9E9-4D16-8364-3FB4B5CC02E8}.Debug|Any CPU.ActiveCfg = Debug|Any CPU
		{F96AA05B-F9E9-4D16-8364-3FB4B5CC02E8}.Debug|Any CPU.Build.0 = Debug|Any CPU
		{F96AA05B-F9E9-4D16-8364-3FB4B5CC02E8}.Release|Any CPU.ActiveCfg = Release|Any CPU
		{F96AA05B-F9E9-4D16-8364-3FB4B5CC02E8}.Release|Any CPU.Build.0 = Release|Any CPU
		{809DCB43-9F68-426E-ABF0-92C89204782B}.Debug|Any CPU.ActiveCfg = Debug|Any CPU
		{809DCB43-9F68-426E-ABF0-92C89204782B}.Debug|Any CPU.Build.0 = Debug|Any CPU
		{809DCB43-9F68-426E-ABF0-92C89204782B}.Release|Any CPU.ActiveCfg = Release|Any CPU
		{809DCB43-9F68-426E-ABF0-92C89204782B}.Release|Any CPU.Build.0 = Release|Any CPU
		{6983F878-59CF-42E2-828F-BCDBC5EAE6E3}.Debug|Any CPU.ActiveCfg = Debug|Any CPU
		{6983F878-59CF-42E2-828F-BCDBC5EAE6E3}.Debug|Any CPU.Build.0 = Debug|Any CPU
		{6983F878-59CF-42E2-828F-BCDBC5EAE6E3}.Release|Any CPU.ActiveCfg = Release|Any CPU
		{6983F878-59CF-42E2-828F-BCDBC5EAE6E3}.Release|Any CPU.Build.0 = Release|Any CPU
		{65D306E4-8074-4E49-9B07-88331FECAC17}.Debug|Any CPU.ActiveCfg = Debug|Any CPU
		{65D306E4-8074-4E49-9B07-88331FECAC17}.Debug|Any CPU.Build.0 = Debug|Any CPU
		{65D306E4-8074-4E49-9B07-88331FECAC17}.Release|Any CPU.ActiveCfg = Release|Any CPU
		{65D306E4-8074-4E49-9B07-88331FECAC17}.Release|Any CPU.Build.0 = Release|Any CPU
		{8A9C6066-6917-452F-A36F-74335E69E01A}.Debug|Any CPU.ActiveCfg = Debug|Any CPU
		{8A9C6066-6917-452F-A36F-74335E69E01A}.Debug|Any CPU.Build.0 = Debug|Any CPU
		{8A9C6066-6917-452F-A36F-74335E69E01A}.Release|Any CPU.ActiveCfg = Release|Any CPU
		{8A9C6066-6917-452F-A36F-74335E69E01A}.Release|Any CPU.Build.0 = Release|Any CPU
		{8743843B-0708-4B10-BC48-B8DB1D27493C}.Debug|Any CPU.ActiveCfg = Debug|Any CPU
		{8743843B-0708-4B10-BC48-B8DB1D27493C}.Debug|Any CPU.Build.0 = Debug|Any CPU
		{8743843B-0708-4B10-BC48-B8DB1D27493C}.Release|Any CPU.ActiveCfg = Release|Any CPU
		{8743843B-0708-4B10-BC48-B8DB1D27493C}.Release|Any CPU.Build.0 = Release|Any CPU
	EndGlobalSection
	GlobalSection(SolutionProperties) = preSolution
		HideSolutionNode = FALSE
	EndGlobalSection
	GlobalSection(NestedProjects) = preSolution
		{F96AA05B-F9E9-4D16-8364-3FB4B5CC02E8} = {277086C4-0CF0-485B-8495-8B3D89EEE534}
		{809DCB43-9F68-426E-ABF0-92C89204782B} = {7103E38C-B00B-4A99-81CA-A71FD385171B}
		{6983F878-59CF-42E2-828F-BCDBC5EAE6E3} = {7103E38C-B00B-4A99-81CA-A71FD385171B}
		{65D306E4-8074-4E49-9B07-88331FECAC17} = {2EF08330-24C2-46E4-80C1-040866F48118}
		{8A9C6066-6917-452F-A36F-74335E69E01A} = {2EF08330-24C2-46E4-80C1-040866F48118}
		{8743843B-0708-4B10-BC48-B8DB1D27493C} = {61C608E3-D05F-4F5D-9368-B3B97004567B}
	EndGlobalSection
	GlobalSection(ExtensibilityGlobals) = postSolution
		SolutionGuid = {C3E9B964-4FA9-48DA-ACCD-E539FA9D2949}
	EndGlobalSection
EndGlobal
